
Microsoft Visual Studio Solution File, Format Version 12.00
# Visual Studio Version 16
VisualStudioVersion = 16.0.30611.23
MinimumVisualStudioVersion = 10.0.40219.1
Project("{FAE04EC0-301F-11D3-BF4B-00C04F79EFBC}") = "Docker_Crud_Api_Swashbuckle", "Docker_Crud_Api_Swashbuckle\Docker_Crud_Api_Swashbuckle.csproj", "{266DA423-53B5-456C-A0C7-6B34D08A1C57}"
EndProject
Global
	GlobalSection(SolutionConfigurationPlatforms) = preSolution
		Debug|Any CPU = Debug|Any CPU
		Release|Any CPU = Release|Any CPU
	EndGlobalSection
	GlobalSection(ProjectConfigurationPlatforms) = postSolution
		{266DA423-53B5-456C-A0C7-6B34D08A1C57}.Debug|Any CPU.ActiveCfg = Debug|Any CPU
		{266DA423-53B5-456C-A0C7-6B34D08A1C57}.Debug|Any CPU.Build.0 = Debug|Any CPU
		{266DA423-53B5-456C-A0C7-6B34D08A1C57}.Release|Any CPU.ActiveCfg = Release|Any CPU
		{266DA423-53B5-456C-A0C7-6B34D08A1C57}.Release|Any CPU.Build.0 = Release|Any CPU
	EndGlobalSection
	GlobalSection(SolutionProperties) = preSolution
		HideSolutionNode = FALSE
	EndGlobalSection
	GlobalSection(ExtensibilityGlobals) = postSolution
		SolutionGuid = {9218468E-150E-49DC-83E4-CB88DD78317D}
	EndGlobalSection
EndGlobal
